
Microsoft Visual Studio Solution File, Format Version 12.00
# Visual Studio Version 17
VisualStudioVersion = 17.8.34511.84
MinimumVisualStudioVersion = 10.0.40219.1
Project("{9A19103F-16F7-4668-BE54-9A1E7A4F7556}") = "PolyclinicDataAccessLayer", "PolyclinicDataAccessLayer\PolyclinicDataAccessLayer.csproj", "{10DC336C-4A52-480F-A03E-91655E9266DC}"
EndProject
Project("{9A19103F-16F7-4668-BE54-9A1E7A4F7556}") = "PolyclinicConsoleGUI", "PolyclinicConsoleGUI\PolyclinicConsoleGUI.csproj", "{8A33970C-1E07-4620-87C6-DC555440414E}"
EndProject
Project("{FAE04EC0-301F-11D3-BF4B-00C04F79EFBC}") = "PolyclinicServiceLayer", "PolyclinicServiceLayer\PolyclinicServiceLayer.csproj", "{368B8F41-F84E-4442-BB0A-DFEC24A0E963}"
EndProject
Global
	GlobalSection(SolutionConfigurationPlatforms) = preSolution
		Debug|Any CPU = Debug|Any CPU
		Release|Any CPU = Release|Any CPU
	EndGlobalSection
	GlobalSection(ProjectConfigurationPlatforms) = postSolution
		{10DC336C-4A52-480F-A03E-91655E9266DC}.Debug|Any CPU.ActiveCfg = Debug|Any CPU
		{10DC336C-4A52-480F-A03E-91655E9266DC}.Debug|Any CPU.Build.0 = Debug|Any CPU
		{10DC336C-4A52-480F-A03E-91655E9266DC}.Release|Any CPU.ActiveCfg = Release|Any CPU
		{10DC336C-4A52-480F-A03E-91655E9266DC}.Release|Any CPU.Build.0 = Release|Any CPU
		{8A33970C-1E07-4620-87C6-DC555440414E}.Debug|Any CPU.ActiveCfg = Debug|Any CPU
		{8A33970C-1E07-4620-87C6-DC555440414E}.Debug|Any CPU.Build.0 = Debug|Any CPU
		{8A33970C-1E07-4620-87C6-DC555440414E}.Release|Any CPU.ActiveCfg = Release|Any CPU
		{8A33970C-1E07-4620-87C6-DC555440414E}.Release|Any CPU.Build.0 = Release|Any CPU
		{368B8F41-F84E-4442-BB0A-DFEC24A0E963}.Debug|Any CPU.ActiveCfg = Debug|Any CPU
		{368B8F41-F84E-4442-BB0A-DFEC24A0E963}.Debug|Any CPU.Build.0 = Debug|Any CPU
		{368B8F41-F84E-4442-BB0A-DFEC24A0E963}.Release|Any CPU.ActiveCfg = Release|Any CPU
		{368B8F41-F84E-4442-BB0A-DFEC24A0E963}.Release|Any CPU.Build.0 = Release|Any CPU
	EndGlobalSection
	GlobalSection(SolutionProperties) = preSolution
		HideSolutionNode = FALSE
	EndGlobalSection
	GlobalSection(ExtensibilityGlobals) = postSolution
		SolutionGuid = {1C85C325-356B-4BA6-A04E-5A9C179CC20E}
	EndGlobalSection
EndGlobal
